
Microsoft Visual Studio Solution File, Format Version 12.00
# Visual Studio 15
Project("{FAE04EC0-301F-11D3-BF4B-00C04F79EFBC}") = "JamProject", "Assembly-CSharp.csproj", "{ED102287-D15F-A923-CD20-85F495894E98}"
EndProject
Global
	GlobalSection(SolutionConfigurationPlatforms) = preSolution
		Debug|Any CPU = Debug|Any CPU
		Release|Any CPU = Release|Any CPU
	EndGlobalSection
	GlobalSection(ProjectConfigurationPlatforms) = postSolution
		{ED102287-D15F-A923-CD20-85F495894E98}.Debug|Any CPU.ActiveCfg = Debug|Any CPU
		{ED102287-D15F-A923-CD20-85F495894E98}.Debug|Any CPU.Build.0 = Debug|Any CPU
		{ED102287-D15F-A923-CD20-85F495894E98}.Release|Any CPU.ActiveCfg = Release|Any CPU
		{ED102287-D15F-A923-CD20-85F495894E98}.Release|Any CPU.Build.0 = Release|Any CPU
	EndGlobalSection
	GlobalSection(SolutionProperties) = preSolution
		HideSolutionNode = FALSE
	EndGlobalSection
EndGlobal
